{
  "version": 4,
  "terraform_version": "1.13.5",
  "serial": 56,
  "lineage": "32231ebb-4b9d-350b-8e04-ece5bd691912",
  "outputs": {
    "my_message": {
      "value": "Our team is awesome!",
      "type": "string"
    },
    "network_name": {
      "value": "challenge_net",
      "type": "string"
    },
    "nginx_container_id": {
      "value": "100cc6bf3ba1af4feebe620d8ee88ba9efa5c9b17881114fb4972e2259961271",
      "type": "string"
    },
    "nginx_url": {
      "value": "http://localhost:8080",
      "type": "string"
    },
    "z": {
      "value": " /\\_/\\\n( o.o )\n \u003e ^ \u003c\n",
      "type": "string"
    }
  },
  "resources": [
    {
      "mode": "managed",
      "type": "docker_container",
      "name": "nginx",
      "provider": "provider[\"registry.terraform.io/kreuzwerker/docker\"]",
      "instances": [
        {
          "schema_version": 2,
          "attributes": {
            "attach": false,
            "bridge": "",
            "capabilities": [],
            "cgroup_parent": null,
            "cgroupns_mode": null,
            "command": [
              "nginx",
              "-g",
              "daemon off;"
            ],
            "container_logs": null,
            "container_read_refresh_timeout_milliseconds": 15000,
            "cpu_period": null,
            "cpu_quota": null,
            "cpu_set": "",
            "cpu_shares": 0,
            "cpus": null,
            "destroy_grace_seconds": null,
            "devices": [],
            "dns": [],
            "dns_opts": [],
            "dns_search": [],
            "domainname": "",
            "entrypoint": [
              "/docker-entrypoint.sh"
            ],
            "env": [],
            "exit_code": null,
            "gpus": null,
            "group_add": [],
            "healthcheck": [],
            "host": [],
            "hostname": "100cc6bf3ba1",
            "id": "100cc6bf3ba1af4feebe620d8ee88ba9efa5c9b17881114fb4972e2259961271",
            "image": "sha256:a236f84b9d5d27fe4bf2bab07501cccdc8e16bb38a41f83e245216bbd2b61b5c",
            "init": false,
            "ipc_mode": "shareable",
            "labels": [],
            "log_driver": "journald",
            "log_opts": {},
            "logs": false,
            "max_retry_count": 0,
            "memory": 0,
            "memory_swap": 0,
            "mounts": [],
            "must_run": true,
            "name": "nginx",
            "network_data": [
              {
                "gateway": "10.89.0.1",
                "global_ipv6_address": "",
                "global_ipv6_prefix_length": 0,
                "ip_address": "10.89.0.2",
                "ip_prefix_length": 24,
                "ipv6_gateway": "",
                "mac_address": "d6:3f:ab:98:98:71",
                "network_name": "challenge_net"
              }
            ],
            "network_mode": "bridge",
            "networks_advanced": [
              {
                "aliases": [],
                "ipv4_address": "",
                "ipv6_address": "",
                "name": "challenge_net"
              }
            ],
            "pid_mode": "private",
            "ports": [
              {
                "external": 8080,
                "internal": 80,
                "ip": "0.0.0.0",
                "protocol": "tcp"
              }
            ],
            "privileged": false,
            "publish_all_ports": false,
            "read_only": false,
            "remove_volumes": true,
            "restart": "no",
            "rm": false,
            "runtime": "oci",
            "security_opts": [],
            "shm_size": 62,
            "start": true,
            "stdin_open": false,
            "stop_signal": "3",
            "stop_timeout": 10,
            "storage_opts": {},
            "sysctls": {},
            "tmpfs": {},
            "tty": false,
            "ulimit": [
              {
                "hard": 14434,
                "name": "RLIMIT_NPROC",
                "soft": 14434
              },
              {
                "hard": 524288,
                "name": "RLIMIT_NOFILE",
                "soft": 524288
              }
            ],
            "upload": [],
            "user": "",
            "userns_mode": "",
            "volumes": [],
            "wait": false,
            "wait_timeout": 60,
            "working_dir": "/"
          },
          "sensitive_attributes": [],
          "identity_schema_version": 0,
          "private": "eyJzY2hlbWFfdmVyc2lvbiI6IjIifQ==",
          "dependencies": [
            "docker_image.nginx",
            "docker_network.challenge_net"
          ]
        }
      ]
    },
    {
      "mode": "managed",
      "type": "docker_container",
      "name": "redis",
      "provider": "provider[\"registry.terraform.io/kreuzwerker/docker\"]",
      "instances": [
        {
          "schema_version": 2,
          "attributes": {
            "attach": false,
            "bridge": "",
            "capabilities": [],
            "cgroup_parent": null,
            "cgroupns_mode": null,
            "command": [
              "redis-server"
            ],
            "container_logs": null,
            "container_read_refresh_timeout_milliseconds": 15000,
            "cpu_period": null,
            "cpu_quota": null,
            "cpu_set": "",
            "cpu_shares": 0,
            "cpus": null,
            "destroy_grace_seconds": null,
            "devices": [],
            "dns": [],
            "dns_opts": [],
            "dns_search": [],
            "domainname": "",
            "entrypoint": [
              "docker-entrypoint.sh"
            ],
            "env": [],
            "exit_code": null,
            "gpus": null,
            "group_add": [],
            "healthcheck": [],
            "host": [],
            "hostname": "96ae212bd17c",
            "id": "96ae212bd17c46134dd29b6699b57f7c4fe10c247f57b508478fabb6dac3e11c",
            "image": "sha256:778c3ea605c2c786ad6f7b9efe50c065903b1b4c7a4f5b2c6d76507b01402470",
            "init": false,
            "ipc_mode": "shareable",
            "labels": [],
            "log_driver": "journald",
            "log_opts": {},
            "logs": false,
            "max_retry_count": 0,
            "memory": 0,
            "memory_swap": 0,
            "mounts": [],
            "must_run": true,
            "name": "redis",
            "network_data": [
              {
                "gateway": "10.89.0.1",
                "global_ipv6_address": "",
                "global_ipv6_prefix_length": 0,
                "ip_address": "10.89.0.3",
                "ip_prefix_length": 24,
                "ipv6_gateway": "",
                "mac_address": "be:6c:d9:c2:69:9f",
                "network_name": "challenge_net"
              }
            ],
            "network_mode": "bridge",
            "networks_advanced": [
              {
                "aliases": [],
                "ipv4_address": "",
                "ipv6_address": "",
                "name": "challenge_net"
              }
            ],
            "pid_mode": "private",
            "ports": [],
            "privileged": false,
            "publish_all_ports": false,
            "read_only": false,
            "remove_volumes": true,
            "restart": "no",
            "rm": false,
            "runtime": "oci",
            "security_opts": [],
            "shm_size": 62,
            "start": true,
            "stdin_open": false,
            "stop_signal": "15",
            "stop_timeout": 10,
            "storage_opts": {},
            "sysctls": {},
            "tmpfs": {},
            "tty": false,
            "ulimit": [
              {
                "hard": 14434,
                "name": "RLIMIT_NPROC",
                "soft": 14434
              },
              {
                "hard": 524288,
                "name": "RLIMIT_NOFILE",
                "soft": 524288
              }
            ],
            "upload": [],
            "user": "",
            "userns_mode": "",
            "volumes": [],
            "wait": false,
            "wait_timeout": 60,
            "working_dir": "/data"
          },
          "sensitive_attributes": [],
          "identity_schema_version": 0,
          "private": "eyJzY2hlbWFfdmVyc2lvbiI6IjIifQ==",
          "dependencies": [
            "docker_image.redis",
            "docker_network.challenge_net"
          ]
        }
      ]
    },
    {
      "mode": "managed",
      "type": "docker_image",
      "name": "nginx",
      "provider": "provider[\"registry.terraform.io/kreuzwerker/docker\"]",
      "instances": [
        {
          "schema_version": 0,
          "attributes": {
            "build": [],
            "force_remove": null,
            "id": "sha256:a236f84b9d5d27fe4bf2bab07501cccdc8e16bb38a41f83e245216bbd2b61b5cnginx:alpine",
            "image_id": "sha256:a236f84b9d5d27fe4bf2bab07501cccdc8e16bb38a41f83e245216bbd2b61b5c",
            "keep_locally": null,
            "name": "nginx:alpine",
            "platform": null,
            "pull_triggers": null,
            "repo_digest": "docker.io/library/nginx@sha256:289decab414250121a93c3f1b8316b9c69906de3a4993757c424cb964169ad42",
            "timeouts": null,
            "triggers": null
          },
          "sensitive_attributes": [],
          "identity_schema_version": 0,
          "private": "eyJlMmJmYjczMC1lY2FhLTExZTYtOGY4OC0zNDM2M2JjN2M0YzAiOnsiY3JlYXRlIjoxMjAwMDAwMDAwMDAwLCJkZWxldGUiOjEyMDAwMDAwMDAwMDAsInVwZGF0ZSI6MTIwMDAwMDAwMDAwMH19"
        }
      ]
    },
    {
      "mode": "managed",
      "type": "docker_image",
      "name": "redis",
      "provider": "provider[\"registry.terraform.io/kreuzwerker/docker\"]",
      "instances": [
        {
          "schema_version": 0,
          "attributes": {
            "build": [],
            "force_remove": null,
            "id": "sha256:778c3ea605c2c786ad6f7b9efe50c065903b1b4c7a4f5b2c6d76507b01402470redis:alpine",
            "image_id": "sha256:778c3ea605c2c786ad6f7b9efe50c065903b1b4c7a4f5b2c6d76507b01402470",
            "keep_locally": null,
            "name": "redis:alpine",
            "platform": null,
            "pull_triggers": null,
            "repo_digest": "docker.io/library/redis@sha256:6cbef353e480a8a6e7f10ec545f13d7d3fa85a212cdcc5ffaf5a1c818b9d3798",
            "timeouts": null,
            "triggers": null
          },
          "sensitive_attributes": [],
          "identity_schema_version": 0,
          "private": "eyJlMmJmYjczMC1lY2FhLTExZTYtOGY4OC0zNDM2M2JjN2M0YzAiOnsiY3JlYXRlIjoxMjAwMDAwMDAwMDAwLCJkZWxldGUiOjEyMDAwMDAwMDAwMDAsInVwZGF0ZSI6MTIwMDAwMDAwMDAwMH19"
        }
      ]
    },
    {
      "mode": "managed",
      "type": "docker_network",
      "name": "challenge_net",
      "provider": "provider[\"registry.terraform.io/kreuzwerker/docker\"]",
      "instances": [
        {
          "schema_version": 1,
          "attributes": {
            "attachable": false,
            "check_duplicate": null,
            "driver": "bridge",
            "id": "35cade97eb6d638f853b7d7b377222c0bdda0e8f865048b8db2923aa58d32fa8",
            "ingress": false,
            "internal": false,
            "ipam_config": [
              {
                "aux_address": {},
                "gateway": "10.89.0.1",
                "ip_range": "",
                "subnet": "10.89.0.0/24"
              }
            ],
            "ipam_driver": "default",
            "ipam_options": {
              "driver": "host-local"
            },
            "ipv6": false,
            "labels": [],
            "name": "challenge_net",
            "options": {},
            "scope": "local"
          },
          "sensitive_attributes": [],
          "identity_schema_version": 0,
          "private": "eyJzY2hlbWFfdmVyc2lvbiI6IjEifQ=="
        }
      ]
    }
  ],
  "check_results": null
}
